
Microsoft Visual Studio Solution File, Format Version 12.00
# Visual Studio Version 16
VisualStudioVersion = 16.0.31702.278
MinimumVisualStudioVersion = 10.0.40219.1
Project("{FAE04EC0-301F-11D3-BF4B-00C04F79EFBC}") = "OOP_PROJE_201601061", "NESNE PROJE ÖDEVİ\OOP_PROJE_201601061.csproj", "{4C3D1CF8-DD28-4BE4-9571-A90CE28655FE}"
EndProject
Project("{FAE04EC0-301F-11D3-BF4B-00C04F79EFBC}") = "Business", "Business\Business.csproj", "{755372A6-37C9-4457-8552-745189B2CB84}"
EndProject
Project("{2150E333-8FDC-42A3-9474-1A3956D46DE8}") = "Solution Items", "Solution Items", "{70384DB5-291C-42AB-9BBF-0954003603AB}"
	ProjectSection(SolutionItems) = preProject
		.editorconfig = .editorconfig
	EndProjectSection
EndProject
Global
	GlobalSection(SolutionConfigurationPlatforms) = preSolution
		Debug|Any CPU = Debug|Any CPU
		Release|Any CPU = Release|Any CPU
	EndGlobalSection
	GlobalSection(ProjectConfigurationPlatforms) = postSolution
		{4C3D1CF8-DD28-4BE4-9571-A90CE28655FE}.Debug|Any CPU.ActiveCfg = Debug|Any CPU
		{4C3D1CF8-DD28-4BE4-9571-A90CE28655FE}.Debug|Any CPU.Build.0 = Debug|Any CPU
		{4C3D1CF8-DD28-4BE4-9571-A90CE28655FE}.Release|Any CPU.ActiveCfg = Release|Any CPU
		{4C3D1CF8-DD28-4BE4-9571-A90CE28655FE}.Release|Any CPU.Build.0 = Release|Any CPU
		{755372A6-37C9-4457-8552-745189B2CB84}.Debug|Any CPU.ActiveCfg = Debug|Any CPU
		{755372A6-37C9-4457-8552-745189B2CB84}.Debug|Any CPU.Build.0 = Debug|Any CPU
		{755372A6-37C9-4457-8552-745189B2CB84}.Release|Any CPU.ActiveCfg = Release|Any CPU
		{755372A6-37C9-4457-8552-745189B2CB84}.Release|Any CPU.Build.0 = Release|Any CPU
	EndGlobalSection
	GlobalSection(SolutionProperties) = preSolution
		HideSolutionNode = FALSE
	EndGlobalSection
	GlobalSection(ExtensibilityGlobals) = postSolution
		SolutionGuid = {C36DAA0B-3377-45F9-AB0C-701301AC808E}
	EndGlobalSection
EndGlobal
